// !$*UTF8*$!
{
	archiveVersion = 1;
	classes = {
	};
	objectVersion = 77;
	objects = {

/* Begin PBXBuildFile section */
		AA0000000000000000000060 /* RhythmWidgetsExtension.appex in Embed Foundation Extensions */ = {isa = PBXBuildFile; fileRef = AA0000000000000000000031 /* RhythmWidgetsExtension.appex */; settings = {ATTRIBUTES = (RemoveHeadersOnCopy, ); }; };
		AA0000000000000000000061 /* RhythmCore in Frameworks */ = {isa = PBXBuildFile; productRef = AA0000000000000000000071 /* RhythmCore */; };
		AA0000000000000000000062 /* RhythmCore in Frameworks */ = {isa = PBXBuildFile; productRef = AA0000000000000000000072 /* RhythmCore */; };
/* End PBXBuildFile section */

/* Begin PBXContainerItemProxy section */
		AA0000000000000000000080 /* PBXContainerItemProxy */ = {
			isa = PBXContainerItemProxy;
			containerPortal = AA0000000000000000000001 /* Project object */;
			proxyType = 1;
			remoteGlobalIDString = AA0000000000000000000041;
			remoteInfo = RhythmWidgetsExtension;
		};
		AA0000000000000000000081 /* PBXContainerItemProxy */ = {
			isa = PBXContainerItemProxy;
			containerPortal = AA0000000000000000000001 /* Project object */;
			proxyType = 1;
			remoteGlobalIDString = AA0000000000000000000040;
			remoteInfo = Rhythm;
		};
		AA0000000000000000000082 /* PBXContainerItemProxy */ = {
			isa = PBXContainerItemProxy;
			containerPortal = AA0000000000000000000001 /* Project object */;
			proxyType = 1;
			remoteGlobalIDString = AA0000000000000000000040;
			remoteInfo = Rhythm;
		};
/* End PBXContainerItemProxy section */

/* Begin PBXCopyFilesBuildPhase section */
		AA0000000000000000000053 /* Embed Foundation Extensions */ = {
			isa = PBXCopyFilesBuildPhase;
			buildActionMask = 2147483647;
			dstPath = "";
			dstSubfolderSpec = 13;
			files = (
				AA0000000000000000000060 /* RhythmWidgetsExtension.appex in Embed Foundation Extensions */,
			);
			name = "Embed Foundation Extensions";
			runOnlyForDeploymentPostprocessing = 0;
		};
/* End PBXCopyFilesBuildPhase section */

/* Begin PBXFileReference section */
		AA0000000000000000000020 /* Rhythm-Info.plist */ = {isa = PBXFileReference; lastKnownFileType = text.plist.xml; path = "Rhythm-Info.plist"; sourceTree = "<group>"; };
		AA0000000000000000000021 /* RhythmWidgets-Info.plist */ = {isa = PBXFileReference; lastKnownFileType = text.plist.xml; path = "RhythmWidgets-Info.plist"; sourceTree = "<group>"; };
		AA0000000000000000000022 /* Rhythm.entitlements */ = {isa = PBXFileReference; lastKnownFileType = text.plist.entitlements; path = Rhythm.entitlements; sourceTree = "<group>"; };
		AA0000000000000000000023 /* RhythmWidgets.entitlements */ = {isa = PBXFileReference; lastKnownFileType = text.plist.entitlements; path = RhythmWidgets.entitlements; sourceTree = "<group>"; };
		AA0000000000000000000030 /* Rhythm.app */ = {isa = PBXFileReference; explicitFileType = wrapper.application; includeInIndex = 0; path = Rhythm.app; sourceTree = BUILT_PRODUCTS_DIR; };
		AA0000000000000000000031 /* RhythmWidgetsExtension.appex */ = {isa = PBXFileReference; explicitFileType = "wrapper.app-extension"; includeInIndex = 0; path = RhythmWidgetsExtension.appex; sourceTree = BUILT_PRODUCTS_DIR; };
		AA0000000000000000000032 /* RhythmTests.xctest */ = {isa = PBXFileReference; explicitFileType = wrapper.cfbundle; includeInIndex = 0; path = RhythmTests.xctest; sourceTree = BUILT_PRODUCTS_DIR; };
		AA0000000000000000000033 /* RhythmUITests.xctest */ = {isa = PBXFileReference; explicitFileType = wrapper.cfbundle; includeInIndex = 0; path = RhythmUITests.xctest; sourceTree = BUILT_PRODUCTS_DIR; };
/* End PBXFileReference section */

/* Begin PBXFileSystemSynchronizedRootGroup section */
		AA0000000000000000000010 /* Rhythm */ = {
			isa = PBXFileSystemSynchronizedRootGroup;
			path = Rhythm;
			sourceTree = "<group>";
		};
		AA0000000000000000000011 /* Shared */ = {
			isa = PBXFileSystemSynchronizedRootGroup;
			path = Shared;
			sourceTree = "<group>";
		};
		AA0000000000000000000012 /* RhythmWidgets */ = {
			isa = PBXFileSystemSynchronizedRootGroup;
			path = RhythmWidgets;
			sourceTree = "<group>";
		};
		AA0000000000000000000013 /* RhythmTests */ = {
			isa = PBXFileSystemSynchronizedRootGroup;
			path = RhythmTests;
			sourceTree = "<group>";
		};
		AA0000000000000000000014 /* RhythmUITests */ = {
			isa = PBXFileSystemSynchronizedRootGroup;
			path = RhythmUITests;
			sourceTree = "<group>";
		};
/* End PBXFileSystemSynchronizedRootGroup section */

/* Begin PBXFrameworksBuildPhase section */
		AA0000000000000000000051 /* Frameworks */ = {
			isa = PBXFrameworksBuildPhase;
			buildActionMask = 2147483647;
			files = (
				AA0000000000000000000061 /* RhythmCore in Frameworks */,
			);
			runOnlyForDeploymentPostprocessing = 0;
		};
		AA0000000000000000000055 /* Frameworks */ = {
			isa = PBXFrameworksBuildPhase;
			buildActionMask = 2147483647;
			files = (
				AA0000000000000000000062 /* RhythmCore in Frameworks */,
			);
			runOnlyForDeploymentPostprocessing = 0;
		};
		AA0000000000000000000058 /* Frameworks */ = {
			isa = PBXFrameworksBuildPhase;
			buildActionMask = 2147483647;
			files = (
			);
			runOnlyForDeploymentPostprocessing = 0;
		};
		AA000000000000000000005B /* Frameworks */ = {
			isa = PBXFrameworksBuildPhase;
			buildActionMask = 2147483647;
			files = (
			);
			runOnlyForDeploymentPostprocessing = 0;
		};
/* End PBXFrameworksBuildPhase section */

/* Begin PBXGroup section */
		AA0000000000000000000002 = {
			isa = PBXGroup;
			children = (
				AA0000000000000000000010 /* Rhythm */,
				AA0000000000000000000011 /* Shared */,
				AA0000000000000000000012 /* RhythmWidgets */,
				AA0000000000000000000013 /* RhythmTests */,
				AA0000000000000000000014 /* RhythmUITests */,
				AA0000000000000000000004 /* Config */,
				AA0000000000000000000003 /* Products */,
			);
			sourceTree = "<group>";
		};
		AA0000000000000000000003 /* Products */ = {
			isa = PBXGroup;
			children = (
				AA0000000000000000000030 /* Rhythm.app */,
				AA0000000000000000000031 /* RhythmWidgetsExtension.appex */,
				AA0000000000000000000032 /* RhythmTests.xctest */,
				AA0000000000000000000033 /* RhythmUITests.xctest */,
			);
			name = Products;
			sourceTree = "<group>";
		};
		AA0000000000000000000004 /* Config */ = {
			isa = PBXGroup;
			children = (
				AA0000000000000000000020 /* Rhythm-Info.plist */,
				AA0000000000000000000022 /* Rhythm.entitlements */,
				AA0000000000000000000021 /* RhythmWidgets-Info.plist */,
				AA0000000000000000000023 /* RhythmWidgets.entitlements */,
			);
			path = Config;
			sourceTree = "<group>";
		};
/* End PBXGroup section */

/* Begin PBXNativeTarget section */
		AA0000000000000000000040 /* Rhythm */ = {
			isa = PBXNativeTarget;
			buildConfigurationList = AA0000000000000000000091 /* Build configuration list for PBXNativeTarget "Rhythm" */;
			buildPhases = (
				AA0000000000000000000050 /* Sources */,
				AA0000000000000000000051 /* Frameworks */,
				AA0000000000000000000052 /* Resources */,
				AA0000000000000000000053 /* Embed Foundation Extensions */,
			);
			buildRules = (
			);
			dependencies = (
				AA0000000000000000000083 /* PBXTargetDependency */,
			);
			fileSystemSynchronizedGroups = (
				AA0000000000000000000010 /* Rhythm */,
				AA0000000000000000000011 /* Shared */,
			);
			name = Rhythm;
			packageProductDependencies = (
				AA0000000000000000000071 /* RhythmCore */,
			);
			productName = Rhythm;
			productReference = AA0000000000000000000030 /* Rhythm.app */;
			productType = "com.apple.product-type.application";
		};
		AA0000000000000000000041 /* RhythmWidgetsExtension */ = {
			isa = PBXNativeTarget;
			buildConfigurationList = AA0000000000000000000092 /* Build configuration list for PBXNativeTarget "RhythmWidgetsExtension" */;
			buildPhases = (
				AA0000000000000000000054 /* Sources */,
				AA0000000000000000000055 /* Frameworks */,
				AA0000000000000000000056 /* Resources */,
			);
			buildRules = (
			);
			dependencies = (
			);
			fileSystemSynchronizedGroups = (
				AA0000000000000000000011 /* Shared */,
				AA0000000000000000000012 /* RhythmWidgets */,
			);
			name = RhythmWidgetsExtension;
			packageProductDependencies = (
				AA0000000000000000000072 /* RhythmCore */,
			);
			productName = RhythmWidgetsExtension;
			productReference = AA0000000000000000000031 /* RhythmWidgetsExtension.appex */;
			productType = "com.apple.product-type.app-extension";
		};
		AA0000000000000000000042 /* RhythmTests */ = {
			isa = PBXNativeTarget;
			buildConfigurationList = AA0000000000000000000093 /* Build configuration list for PBXNativeTarget "RhythmTests" */;
			buildPhases = (
				AA0000000000000000000057 /* Sources */,
				AA0000000000000000000058 /* Frameworks */,
				AA0000000000000000000059 /* Resources */,
			);
			buildRules = (
			);
			dependencies = (
				AA0000000000000000000084 /* PBXTargetDependency */,
			);
			fileSystemSynchronizedGroups = (
				AA0000000000000000000013 /* RhythmTests */,
			);
			name = RhythmTests;
			productName = RhythmTests;
			productReference = AA0000000000000000000032 /* RhythmTests.xctest */;
			productType = "com.apple.product-type.bundle.unit-test";
		};
		AA0000000000000000000043 /* RhythmUITests */ = {
			isa = PBXNativeTarget;
			buildConfigurationList = AA0000000000000000000094 /* Build configuration list for PBXNativeTarget "RhythmUITests" */;
			buildPhases = (
				AA000000000000000000005A /* Sources */,
				AA000000000000000000005B /* Frameworks */,
				AA000000000000000000005C /* Resources */,
			);
			buildRules = (
			);
			dependencies = (
				AA0000000000000000000085 /* PBXTargetDependency */,
			);
			fileSystemSynchronizedGroups = (
				AA0000000000000000000014 /* RhythmUITests */,
			);
			name = RhythmUITests;
			productName = RhythmUITests;
			productReference = AA0000000000000000000033 /* RhythmUITests.xctest */;
			productType = "com.apple.product-type.bundle.ui-testing";
		};
/* End PBXNativeTarget section */

/* Begin PBXProject section */
		AA0000000000000000000001 /* Project object */ = {
			isa = PBXProject;
			attributes = {
				BuildIndependentTargetsInParallel = 1;
				LastSwiftUpdateCheck = 2600;
				LastUpgradeCheck = 2600;
				TargetAttributes = {
					AA0000000000000000000040 = {
						CreatedOnToolsVersion = 26.0;
					};
					AA0000000000000000000041 = {
						CreatedOnToolsVersion = 26.0;
					};
					AA0000000000000000000042 = {
						CreatedOnToolsVersion = 26.0;
						TestTargetID = AA0000000000000000000040;
					};
					AA0000000000000000000043 = {
						CreatedOnToolsVersion = 26.0;
						TestTargetID = AA0000000000000000000040;
					};
				};
			};
			buildConfigurationList = AA0000000000000000000090 /* Build configuration list for PBXProject "Rhythm" */;
			developmentRegion = en;
			hasScannedForEncodings = 0;
			knownRegions = (
				en,
				Base,
			);
			mainGroup = AA0000000000000000000002;
			minimizedProjectReferenceProxies = 1;
			packageReferences = (
				AA0000000000000000000070 /* XCLocalSwiftPackageReference "Packages/RhythmCore" */,
			);
			preferredProjectObjectVersion = 77;
			productRefGroup = AA0000000000000000000003 /* Products */;
			projectDirPath = "";
			projectRoot = "";
			targets = (
				AA0000000000000000000040 /* Rhythm */,
				AA0000000000000000000041 /* RhythmWidgetsExtension */,
				AA0000000000000000000042 /* RhythmTests */,
				AA0000000000000000000043 /* RhythmUITests */,
			);
		};
/* End PBXProject section */

/* Begin PBXResourcesBuildPhase section */
		AA0000000000000000000052 /* Resources */ = {
			isa = PBXResourcesBuildPhase;
			buildActionMask = 2147483647;
			files = (
			);
			runOnlyForDeploymentPostprocessing = 0;
		};
		AA0000000000000000000056 /* Resources */ = {
			isa = PBXResourcesBuildPhase;
			buildActionMask = 2147483647;
			files = (
			);
			runOnlyForDeploymentPostprocessing = 0;
		};
		AA0000000000000000000059 /* Resources */ = {
			isa = PBXResourcesBuildPhase;
			buildActionMask = 2147483647;
			files = (
			);
			runOnlyForDeploymentPostprocessing = 0;
		};
		AA000000000000000000005C /* Resources */ = {
			isa = PBXResourcesBuildPhase;
			buildActionMask = 2147483647;
			files = (
			);
			runOnlyForDeploymentPostprocessing = 0;
		};
/* End PBXResourcesBuildPhase section */

/* Begin PBXSourcesBuildPhase section */
		AA0000000000000000000050 /* Sources */ = {
			isa = PBXSourcesBuildPhase;
			buildActionMask = 2147483647;
			files = (
			);
			runOnlyForDeploymentPostprocessing = 0;
		};
		AA0000000000000000000054 /* Sources */ = {
			isa = PBXSourcesBuildPhase;
			buildActionMask = 2147483647;
			files = (
			);
			runOnlyForDeploymentPostprocessing = 0;
		};
		AA0000000000000000000057 /* Sources */ = {
			isa = PBXSourcesBuildPhase;
			buildActionMask = 2147483647;
			files = (
			);
			runOnlyForDeploymentPostprocessing = 0;
		};
		AA000000000000000000005A /* Sources */ = {
			isa = PBXSourcesBuildPhase;
			buildActionMask = 2147483647;
			files = (
			);
			runOnlyForDeploymentPostprocessing = 0;
		};
/* End PBXSourcesBuildPhase section */

/* Begin PBXTargetDependency section */
		AA0000000000000000000083 /* PBXTargetDependency */ = {
			isa = PBXTargetDependency;
			target = AA0000000000000000000041 /* RhythmWidgetsExtension */;
			targetProxy = AA0000000000000000000080 /* PBXContainerItemProxy */;
		};
		AA0000000000000000000084 /* PBXTargetDependency */ = {
			isa = PBXTargetDependency;
			target = AA0000000000000000000040 /* Rhythm */;
			targetProxy = AA0000000000000000000081 /* PBXContainerItemProxy */;
		};
		AA0000000000000000000085 /* PBXTargetDependency */ = {
			isa = PBXTargetDependency;
			target = AA0000000000000000000040 /* Rhythm */;
			targetProxy = AA0000000000000000000082 /* PBXContainerItemProxy */;
		};
/* End PBXTargetDependency section */

/* Begin XCBuildConfiguration section */
		AA00000000000000000000A0 /* Debug */ = {
			isa = XCBuildConfiguration;
			buildSettings = {
				ALWAYS_SEARCH_USER_PATHS = NO;
				ASSETCATALOG_COMPILER_GENERATE_SWIFT_ASSET_SYMBOL_EXTENSIONS = YES;
				CLANG_ANALYZER_NONNULL = YES;
				CLANG_CXX_LANGUAGE_STANDARD = "gnu++20";
				CLANG_ENABLE_MODULES = YES;
				CLANG_ENABLE_OBJC_ARC = YES;
				CLANG_WARN_DOCUMENTATION_COMMENTS = YES;
				CLANG_WARN_UNGUARDED_AVAILABILITY = YES_AGGRESSIVE;
				COPY_PHASE_STRIP = NO;
				DEBUG_INFORMATION_FORMAT = dwarf;
				DEVELOPMENT_TEAM = "";
				ENABLE_STRICT_OBJC_MSGSEND = YES;
				ENABLE_TESTABILITY = YES;
				ENABLE_USER_SCRIPT_SANDBOXING = YES;
				GCC_C_LANGUAGE_STANDARD = gnu17;
				GCC_DYNAMIC_NO_PIC = NO;
				GCC_NO_COMMON_BLOCKS = YES;
				GCC_OPTIMIZATION_LEVEL = 0;
				GCC_PREPROCESSOR_DEFINITIONS = (
					"DEBUG=1",
					"$(inherited)",
				);
				IPHONEOS_DEPLOYMENT_TARGET = 26.0;
				LOCALIZATION_PREFERS_STRING_CATALOGS = YES;
				MTL_ENABLE_DEBUG_INFO = INCLUDE_SOURCE;
				MTL_FAST_MATH = YES;
				ONLY_ACTIVE_ARCH = YES;
				RHYTHM_APP_GROUP = "group.$(RHYTHM_BUNDLE_ID_PREFIX).rhythm";
				RHYTHM_BUNDLE_ID_PREFIX = com.erwin.workableprojects;
				SDKROOT = iphoneos;
				SWIFT_ACTIVE_COMPILATION_CONDITIONS = "DEBUG $(inherited)";
				SWIFT_EMIT_LOC_STRINGS = YES;
				SWIFT_OPTIMIZATION_LEVEL = "-Onone";
				SWIFT_STRICT_CONCURRENCY = complete;
				SWIFT_VERSION = 5.0;
			};
			name = Debug;
		};
		AA00000000000000000000A1 /* Release */ = {
			isa = XCBuildConfiguration;
			buildSettings = {
				ALWAYS_SEARCH_USER_PATHS = NO;
				ASSETCATALOG_COMPILER_GENERATE_SWIFT_ASSET_SYMBOL_EXTENSIONS = YES;
				CLANG_ANALYZER_NONNULL = YES;
				CLANG_CXX_LANGUAGE_STANDARD = "gnu++20";
				CLANG_ENABLE_MODULES = YES;
				CLANG_ENABLE_OBJC_ARC = YES;
				CLANG_WARN_DOCUMENTATION_COMMENTS = YES;
				CLANG_WARN_UNGUARDED_AVAILABILITY = YES_AGGRESSIVE;
				COPY_PHASE_STRIP = NO;
				DEBUG_INFORMATION_FORMAT = "dwarf-with-dsym";
				DEVELOPMENT_TEAM = "";
				ENABLE_NS_ASSERTIONS = NO;
				ENABLE_STRICT_OBJC_MSGSEND = YES;
				ENABLE_USER_SCRIPT_SANDBOXING = YES;
				GCC_C_LANGUAGE_STANDARD = gnu17;
				GCC_NO_COMMON_BLOCKS = YES;
				IPHONEOS_DEPLOYMENT_TARGET = 26.0;
				LOCALIZATION_PREFERS_STRING_CATALOGS = YES;
				MTL_ENABLE_DEBUG_INFO = NO;
				MTL_FAST_MATH = YES;
				RHYTHM_APP_GROUP = "group.$(RHYTHM_BUNDLE_ID_PREFIX).rhythm";
				RHYTHM_BUNDLE_ID_PREFIX = com.erwin.workableprojects;
				SDKROOT = iphoneos;
				SWIFT_COMPILATION_MODE = wholemodule;
				SWIFT_EMIT_LOC_STRINGS = YES;
				SWIFT_STRICT_CONCURRENCY = complete;
				SWIFT_VERSION = 5.0;
				VALIDATE_PRODUCT = YES;
			};
			name = Release;
		};
		AA00000000000000000000A2 /* Debug */ = {
			isa = XCBuildConfiguration;
			buildSettings = {
				ASSETCATALOG_COMPILER_APPICON_NAME = AppIcon;
				ASSETCATALOG_COMPILER_GLOBAL_ACCENT_COLOR_NAME = AccentColor;
				CODE_SIGN_ENTITLEMENTS = Config/Rhythm.entitlements;
				CODE_SIGN_STYLE = Automatic;
				CURRENT_PROJECT_VERSION = 1;
				ENABLE_PREVIEWS = YES;
				GENERATE_INFOPLIST_FILE = YES;
				INFOPLIST_FILE = "Config/Rhythm-Info.plist";
				INFOPLIST_KEY_CFBundleDisplayName = Rhythm;
				INFOPLIST_KEY_LSApplicationCategoryType = "public.app-category.education";
				INFOPLIST_KEY_NSSupportsLiveActivities = YES;
				INFOPLIST_KEY_UIApplicationSceneManifest_Generation = YES;
				INFOPLIST_KEY_UIApplicationSupportsIndirectInputEvents = YES;
				INFOPLIST_KEY_UILaunchScreen_Generation = YES;
				INFOPLIST_KEY_UISupportedInterfaceOrientations_iPhone = UIInterfaceOrientationPortrait;
				LD_RUNPATH_SEARCH_PATHS = (
					"$(inherited)",
					"@executable_path/Frameworks",
				);
				MARKETING_VERSION = 1.0.0;
				PRODUCT_BUNDLE_IDENTIFIER = "$(RHYTHM_BUNDLE_ID_PREFIX).rhythm";
				PRODUCT_NAME = "$(TARGET_NAME)";
				SUPPORTED_PLATFORMS = "iphoneos iphonesimulator";
				SUPPORTS_MACCATALYST = NO;
				SWIFT_EMIT_LOC_STRINGS = YES;
				TARGETED_DEVICE_FAMILY = 1;
			};
			name = Debug;
		};
		AA00000000000000000000A3 /* Release */ = {
			isa = XCBuildConfiguration;
			buildSettings = {
				ASSETCATALOG_COMPILER_APPICON_NAME = AppIcon;
				ASSETCATALOG_COMPILER_GLOBAL_ACCENT_COLOR_NAME = AccentColor;
				CODE_SIGN_ENTITLEMENTS = Config/Rhythm.entitlements;
				CODE_SIGN_STYLE = Automatic;
				CURRENT_PROJECT_VERSION = 1;
				ENABLE_PREVIEWS = YES;
				GENERATE_INFOPLIST_FILE = YES;
				INFOPLIST_FILE = "Config/Rhythm-Info.plist";
				INFOPLIST_KEY_CFBundleDisplayName = Rhythm;
				INFOPLIST_KEY_LSApplicationCategoryType = "public.app-category.education";
				INFOPLIST_KEY_NSSupportsLiveActivities = YES;
				INFOPLIST_KEY_UIApplicationSceneManifest_Generation = YES;
				INFOPLIST_KEY_UIApplicationSupportsIndirectInputEvents = YES;
				INFOPLIST_KEY_UILaunchScreen_Generation = YES;
				INFOPLIST_KEY_UISupportedInterfaceOrientations_iPhone = UIInterfaceOrientationPortrait;
				LD_RUNPATH_SEARCH_PATHS = (
					"$(inherited)",
					"@executable_path/Frameworks",
				);
				MARKETING_VERSION = 1.0.0;
				PRODUCT_BUNDLE_IDENTIFIER = "$(RHYTHM_BUNDLE_ID_PREFIX).rhythm";
				PRODUCT_NAME = "$(TARGET_NAME)";
				SUPPORTED_PLATFORMS = "iphoneos iphonesimulator";
				SUPPORTS_MACCATALYST = NO;
				SWIFT_EMIT_LOC_STRINGS = YES;
				TARGETED_DEVICE_FAMILY = 1;
			};
			name = Release;
		};
		AA00000000000000000000A4 /* Debug */ = {
			isa = XCBuildConfiguration;
			buildSettings = {
				ASSETCATALOG_COMPILER_GLOBAL_ACCENT_COLOR_NAME = AccentColor;
				CODE_SIGN_ENTITLEMENTS = Config/RhythmWidgets.entitlements;
				CODE_SIGN_STYLE = Automatic;
				CURRENT_PROJECT_VERSION = 1;
				GENERATE_INFOPLIST_FILE = YES;
				INFOPLIST_FILE = "Config/RhythmWidgets-Info.plist";
				INFOPLIST_KEY_CFBundleDisplayName = Rhythm;
				INFOPLIST_KEY_NSHumanReadableCopyright = "";
				LD_RUNPATH_SEARCH_PATHS = (
					"$(inherited)",
					"@executable_path/Frameworks",
					"@executable_path/../../Frameworks",
				);
				MARKETING_VERSION = 1.0.0;
				PRODUCT_BUNDLE_IDENTIFIER = "$(RHYTHM_BUNDLE_ID_PREFIX).rhythm.widgets";
				PRODUCT_NAME = "$(TARGET_NAME)";
				SKIP_INSTALL = YES;
				SUPPORTED_PLATFORMS = "iphoneos iphonesimulator";
				SUPPORTS_MACCATALYST = NO;
				SWIFT_EMIT_LOC_STRINGS = YES;
				TARGETED_DEVICE_FAMILY = 1;
			};
			name = Debug;
		};
		AA00000000000000000000A5 /* Release */ = {
			isa = XCBuildConfiguration;
			buildSettings = {
				ASSETCATALOG_COMPILER_GLOBAL_ACCENT_COLOR_NAME = AccentColor;
				CODE_SIGN_ENTITLEMENTS = Config/RhythmWidgets.entitlements;
				CODE_SIGN_STYLE = Automatic;
				CURRENT_PROJECT_VERSION = 1;
				GENERATE_INFOPLIST_FILE = YES;
				INFOPLIST_FILE = "Config/RhythmWidgets-Info.plist";
				INFOPLIST_KEY_CFBundleDisplayName = Rhythm;
				INFOPLIST_KEY_NSHumanReadableCopyright = "";
				LD_RUNPATH_SEARCH_PATHS = (
					"$(inherited)",
					"@executable_path/Frameworks",
					"@executable_path/../../Frameworks",
				);
				MARKETING_VERSION = 1.0.0;
				PRODUCT_BUNDLE_IDENTIFIER = "$(RHYTHM_BUNDLE_ID_PREFIX).rhythm.widgets";
				PRODUCT_NAME = "$(TARGET_NAME)";
				SKIP_INSTALL = YES;
				SUPPORTED_PLATFORMS = "iphoneos iphonesimulator";
				SUPPORTS_MACCATALYST = NO;
				SWIFT_EMIT_LOC_STRINGS = YES;
				TARGETED_DEVICE_FAMILY = 1;
			};
			name = Release;
		};
		AA00000000000000000000A6 /* Debug */ = {
			isa = XCBuildConfiguration;
			buildSettings = {
				BUNDLE_LOADER = "$(TEST_HOST)";
				CODE_SIGN_STYLE = Automatic;
				CURRENT_PROJECT_VERSION = 1;
				GENERATE_INFOPLIST_FILE = YES;
				MARKETING_VERSION = 1.0.0;
				PRODUCT_BUNDLE_IDENTIFIER = "$(RHYTHM_BUNDLE_ID_PREFIX).rhythm.tests";
				PRODUCT_NAME = "$(TARGET_NAME)";
				SUPPORTED_PLATFORMS = "iphoneos iphonesimulator";
				SWIFT_EMIT_LOC_STRINGS = NO;
				TARGETED_DEVICE_FAMILY = 1;
				TEST_HOST = "$(BUILT_PRODUCTS_DIR)/Rhythm.app/$(BUNDLE_EXECUTABLE_FOLDER_PATH)/Rhythm";
			};
			name = Debug;
		};
		AA00000000000000000000A7 /* Release */ = {
			isa = XCBuildConfiguration;
			buildSettings = {
				BUNDLE_LOADER = "$(TEST_HOST)";
				CODE_SIGN_STYLE = Automatic;
				CURRENT_PROJECT_VERSION = 1;
				GENERATE_INFOPLIST_FILE = YES;
				MARKETING_VERSION = 1.0.0;
				PRODUCT_BUNDLE_IDENTIFIER = "$(RHYTHM_BUNDLE_ID_PREFIX).rhythm.tests";
				PRODUCT_NAME = "$(TARGET_NAME)";
				SUPPORTED_PLATFORMS = "iphoneos iphonesimulator";
				SWIFT_EMIT_LOC_STRINGS = NO;
				TARGETED_DEVICE_FAMILY = 1;
				TEST_HOST = "$(BUILT_PRODUCTS_DIR)/Rhythm.app/$(BUNDLE_EXECUTABLE_FOLDER_PATH)/Rhythm";
			};
			name = Release;
		};
		AA00000000000000000000A8 /* Debug */ = {
			isa = XCBuildConfiguration;
			buildSettings = {
				CODE_SIGN_STYLE = Automatic;
				CURRENT_PROJECT_VERSION = 1;
				GENERATE_INFOPLIST_FILE = YES;
				MARKETING_VERSION = 1.0.0;
				PRODUCT_BUNDLE_IDENTIFIER = "$(RHYTHM_BUNDLE_ID_PREFIX).rhythm.uitests";
				PRODUCT_NAME = "$(TARGET_NAME)";
				SUPPORTED_PLATFORMS = "iphoneos iphonesimulator";
				SWIFT_EMIT_LOC_STRINGS = NO;
				TARGETED_DEVICE_FAMILY = 1;
				TEST_TARGET_NAME = Rhythm;
			};
			name = Debug;
		};
		AA00000000000000000000A9 /* Release */ = {
			isa = XCBuildConfiguration;
			buildSettings = {
				CODE_SIGN_STYLE = Automatic;
				CURRENT_PROJECT_VERSION = 1;
				GENERATE_INFOPLIST_FILE = YES;
				MARKETING_VERSION = 1.0.0;
				PRODUCT_BUNDLE_IDENTIFIER = "$(RHYTHM_BUNDLE_ID_PREFIX).rhythm.uitests";
				PRODUCT_NAME = "$(TARGET_NAME)";
				SUPPORTED_PLATFORMS = "iphoneos iphonesimulator";
				SWIFT_EMIT_LOC_STRINGS = NO;
				TARGETED_DEVICE_FAMILY = 1;
				TEST_TARGET_NAME = Rhythm;
			};
			name = Release;
		};
/* End XCBuildConfiguration section */

/* Begin XCConfigurationList section */
		AA0000000000000000000090 /* Build configuration list for PBXProject "Rhythm" */ = {
			isa = XCConfigurationList;
			buildConfigurations = (
				AA00000000000000000000A0 /* Debug */,
				AA00000000000000000000A1 /* Release */,
			);
			defaultConfigurationIsVisible = 0;
			defaultConfigurationName = Release;
		};
		AA0000000000000000000091 /* Build configuration list for PBXNativeTarget "Rhythm" */ = {
			isa = XCConfigurationList;
			buildConfigurations = (
				AA00000000000000000000A2 /* Debug */,
				AA00000000000000000000A3 /* Release */,
			);
			defaultConfigurationIsVisible = 0;
			defaultConfigurationName = Release;
		};
		AA0000000000000000000092 /* Build configuration list for PBXNativeTarget "RhythmWidgetsExtension" */ = {
			isa = XCConfigurationList;
			buildConfigurations = (
				AA00000000000000000000A4 /* Debug */,
				AA00000000000000000000A5 /* Release */,
			);
			defaultConfigurationIsVisible = 0;
			defaultConfigurationName = Release;
		};
		AA0000000000000000000093 /* Build configuration list for PBXNativeTarget "RhythmTests" */ = {
			isa = XCConfigurationList;
			buildConfigurations = (
				AA00000000000000000000A6 /* Debug */,
				AA00000000000000000000A7 /* Release */,
			);
			defaultConfigurationIsVisible = 0;
			defaultConfigurationName = Release;
		};
		AA0000000000000000000094 /* Build configuration list for PBXNativeTarget "RhythmUITests" */ = {
			isa = XCConfigurationList;
			buildConfigurations = (
				AA00000000000000000000A8 /* Debug */,
				AA00000000000000000000A9 /* Release */,
			);
			defaultConfigurationIsVisible = 0;
			defaultConfigurationName = Release;
		};
/* End XCConfigurationList section */

/* Begin XCLocalSwiftPackageReference section */
		AA0000000000000000000070 /* XCLocalSwiftPackageReference "Packages/RhythmCore" */ = {
			isa = XCLocalSwiftPackageReference;
			relativePath = Packages/RhythmCore;
		};
/* End XCLocalSwiftPackageReference section */

/* Begin XCSwiftPackageProductDependency section */
		AA0000000000000000000071 /* RhythmCore */ = {
			isa = XCSwiftPackageProductDependency;
			productName = RhythmCore;
		};
		AA0000000000000000000072 /* RhythmCore */ = {
			isa = XCSwiftPackageProductDependency;
			productName = RhythmCore;
		};
/* End XCSwiftPackageProductDependency section */
	};
	rootObject = AA0000000000000000000001 /* Project object */;
}
